{
  "name": "study-nextjs",
  "version": "1.0.0",
  "lockfileVersion": 3,
  "requires": true,
  "packages": {
    "": {
      "name": "study-nextjs",
      "version": "1.0.0",
      "license": "ISC",
      "workspaces": [
        "workspaces/*"
      ]
    },
    "workspaces/n1": {
      "version": "1.0.0",
      "extraneous": true,
      "license": "ISC",
      "devDependencies": {}
    },
    "workspaces/sample1": {
      "version": "1.0.0",
      "extraneous": true,
      "license": "ISC",
      "devDependencies": {}
    },
    "workspaces/shared": {
      "version": "1.0.0",
      "extraneous": true,
      "license": "ISC",
      "devDependencies": {}
    }
  }
}
